{
    "_meta": {
        "hash": {
            "sha256": "e977ff1b15c74603bb4f53afaa0f50fa8fd755fc9020ad934b641a7ab841a9b2"
        },
        "pipfile-spec": 6,
        "requires": {
            "python_version": "3.12"
        },
        "sources": [
            {
                "name": "pip_conf_index_global",
                "url": "https://pypi.org/simple/",
                "verify_ssl": true
            }
        ]
    },
    "default": {},
    "develop": {}
}
